// !$*UTF8*$!
{
	archiveVersion = 1;
	classes = {
	};
	objectVersion = 56;
	objects = {

/* Begin PBXBuildFile section */
		A98A1AF929F8A42A002BE8AA /* TrboSocialApp.swift in Sources */ = {isa = PBXBuildFile; fileRef = A98A1AF829F8A42A002BE8AA /* TrboSocialApp.swift */; };
		A98A1AFB29F8A42A002BE8AA /* ContentView.swift in Sources */ = {isa = PBXBuildFile; fileRef = A98A1AFA29F8A42A002BE8AA /* ContentView.swift */; };
		A98A1AFD29F8A42C002BE8AA /* Assets.xcassets in Resources */ = {isa = PBXBuildFile; fileRef = A98A1AFC29F8A42C002BE8AA /* Assets.xcassets */; };
		A98A1B0029F8A42C002BE8AA /* Preview Assets.xcassets in Resources */ = {isa = PBXBuildFile; fileRef = A98A1AFF29F8A42C002BE8AA /* Preview Assets.xcassets */; };
		A98A1B0A29F8A42C002BE8AA /* TrboSocialTests.swift in Sources */ = {isa = PBXBuildFile; fileRef = A98A1B0929F8A42C002BE8AA /* TrboSocialTests.swift */; };
		A98A1B1429F8A42C002BE8AA /* TrboSocialUITests.swift in Sources */ = {isa = PBXBuildFile; fileRef = A98A1B1329F8A42C002BE8AA /* TrboSocialUITests.swift */; };
		A98A1B1629F8A42C002BE8AA /* TrboSocialUITestsLaunchTests.swift in Sources */ = {isa = PBXBuildFile; fileRef = A98A1B1529F8A42C002BE8AA /* TrboSocialUITestsLaunchTests.swift */; };
		A98A1B2529F8B1D9002BE8AA /* LoginView.swift in Sources */ = {isa = PBXBuildFile; fileRef = A98A1B2429F8B1D8002BE8AA /* LoginView.swift */; };
		A98A1B2829F8B331002BE8AA /* FirebaseAnalytics in Frameworks */ = {isa = PBXBuildFile; productRef = A98A1B2729F8B331002BE8AA /* FirebaseAnalytics */; };
		A98A1B2A29F8B331002BE8AA /* FirebaseAnalyticsOnDeviceConversion in Frameworks */ = {isa = PBXBuildFile; productRef = A98A1B2929F8B331002BE8AA /* FirebaseAnalyticsOnDeviceConversion */; };
		A98A1B2C29F8B331002BE8AA /* FirebaseAnalyticsSwift in Frameworks */ = {isa = PBXBuildFile; productRef = A98A1B2B29F8B331002BE8AA /* FirebaseAnalyticsSwift */; };
		A98A1B2E29F8B331002BE8AA /* FirebaseAnalyticsWithoutAdIdSupport in Frameworks */ = {isa = PBXBuildFile; productRef = A98A1B2D29F8B331002BE8AA /* FirebaseAnalyticsWithoutAdIdSupport */; };
		A98A1B3029F8B331002BE8AA /* FirebaseAppCheck in Frameworks */ = {isa = PBXBuildFile; productRef = A98A1B2F29F8B331002BE8AA /* FirebaseAppCheck */; };
		A98A1B3229F8B331002BE8AA /* FirebaseAppDistribution-Beta in Frameworks */ = {isa = PBXBuildFile; productRef = A98A1B3129F8B331002BE8AA /* FirebaseAppDistribution-Beta */; };
		A98A1B3429F8B331002BE8AA /* FirebaseAuth in Frameworks */ = {isa = PBXBuildFile; productRef = A98A1B3329F8B331002BE8AA /* FirebaseAuth */; };
		A98A1B3629F8B331002BE8AA /* FirebaseAuthCombine-Community in Frameworks */ = {isa = PBXBuildFile; productRef = A98A1B3529F8B331002BE8AA /* FirebaseAuthCombine-Community */; };
		A98A1B3829F8B331002BE8AA /* FirebaseCrashlytics in Frameworks */ = {isa = PBXBuildFile; productRef = A98A1B3729F8B331002BE8AA /* FirebaseCrashlytics */; };
		A98A1B3A29F8B331002BE8AA /* FirebaseDatabase in Frameworks */ = {isa = PBXBuildFile; productRef = A98A1B3929F8B331002BE8AA /* FirebaseDatabase */; };
		A98A1B3C29F8B331002BE8AA /* FirebaseDatabaseSwift in Frameworks */ = {isa = PBXBuildFile; productRef = A98A1B3B29F8B331002BE8AA /* FirebaseDatabaseSwift */; };
		A98A1B3E29F8B331002BE8AA /* FirebaseDynamicLinks in Frameworks */ = {isa = PBXBuildFile; productRef = A98A1B3D29F8B331002BE8AA /* FirebaseDynamicLinks */; };
		A98A1B4029F8B331002BE8AA /* FirebaseFirestore in Frameworks */ = {isa = PBXBuildFile; productRef = A98A1B3F29F8B331002BE8AA /* FirebaseFirestore */; };
		A98A1B4229F8B331002BE8AA /* FirebaseFirestoreCombine-Community in Frameworks */ = {isa = PBXBuildFile; productRef = A98A1B4129F8B331002BE8AA /* FirebaseFirestoreCombine-Community */; };
		A98A1B4429F8B331002BE8AA /* FirebaseFirestoreSwift in Frameworks */ = {isa = PBXBuildFile; productRef = A98A1B4329F8B331002BE8AA /* FirebaseFirestoreSwift */; };
		A98A1B4629F8B331002BE8AA /* FirebaseFunctions in Frameworks */ = {isa = PBXBuildFile; productRef = A98A1B4529F8B331002BE8AA /* FirebaseFunctions */; };
		A98A1B4829F8B331002BE8AA /* FirebaseFunctionsCombine-Community in Frameworks */ = {isa = PBXBuildFile; productRef = A98A1B4729F8B331002BE8AA /* FirebaseFunctionsCombine-Community */; };
		A98A1B4A29F8B331002BE8AA /* FirebaseInAppMessaging-Beta in Frameworks */ = {isa = PBXBuildFile; productRef = A98A1B4929F8B331002BE8AA /* FirebaseInAppMessaging-Beta */; };
		A98A1B4C29F8B331002BE8AA /* FirebaseInAppMessagingSwift-Beta in Frameworks */ = {isa = PBXBuildFile; productRef = A98A1B4B29F8B331002BE8AA /* FirebaseInAppMessagingSwift-Beta */; };
		A98A1B4E29F8B331002BE8AA /* FirebaseInstallations in Frameworks */ = {isa = PBXBuildFile; productRef = A98A1B4D29F8B331002BE8AA /* FirebaseInstallations */; };
		A98A1B5029F8B331002BE8AA /* FirebaseMLModelDownloader in Frameworks */ = {isa = PBXBuildFile; productRef = A98A1B4F29F8B331002BE8AA /* FirebaseMLModelDownloader */; };
		A98A1B5229F8B331002BE8AA /* FirebaseMessaging in Frameworks */ = {isa = PBXBuildFile; productRef = A98A1B5129F8B331002BE8AA /* FirebaseMessaging */; };
		A98A1B5429F8B331002BE8AA /* FirebasePerformance in Frameworks */ = {isa = PBXBuildFile; productRef = A98A1B5329F8B331002BE8AA /* FirebasePerformance */; };
		A98A1B5629F8B331002BE8AA /* FirebaseRemoteConfig in Frameworks */ = {isa = PBXBuildFile; productRef = A98A1B5529F8B331002BE8AA /* FirebaseRemoteConfig */; };
		A98A1B5829F8B331002BE8AA /* FirebaseRemoteConfigSwift in Frameworks */ = {isa = PBXBuildFile; productRef = A98A1B5729F8B331002BE8AA /* FirebaseRemoteConfigSwift */; };
		A98A1B5A29F8B331002BE8AA /* FirebaseStorage in Frameworks */ = {isa = PBXBuildFile; productRef = A98A1B5929F8B331002BE8AA /* FirebaseStorage */; };
		A98A1B5C29F8B331002BE8AA /* FirebaseStorageCombine-Community in Frameworks */ = {isa = PBXBuildFile; productRef = A98A1B5B29F8B331002BE8AA /* FirebaseStorageCombine-Community */; };
		A98A1B5E29F8B404002BE8AA /* GoogleService-Info.plist in Resources */ = {isa = PBXBuildFile; fileRef = A98A1B5D29F8B404002BE8AA /* GoogleService-Info.plist */; };
		A98A1B6029F8B40B002BE8AA /* GoogleService-Info.plist in Resources */ = {isa = PBXBuildFile; fileRef = A98A1B5F29F8B40B002BE8AA /* GoogleService-Info.plist */; };
/* End PBXBuildFile section */

/* Begin PBXContainerItemProxy section */
		A98A1B0629F8A42C002BE8AA /* PBXContainerItemProxy */ = {
			isa = PBXContainerItemProxy;
			containerPortal = A98A1AED29F8A42A002BE8AA /* Project object */;
			proxyType = 1;
			remoteGlobalIDString = A98A1AF429F8A42A002BE8AA;
			remoteInfo = TrboSocial;
		};
		A98A1B1029F8A42C002BE8AA /* PBXContainerItemProxy */ = {
			isa = PBXContainerItemProxy;
			containerPortal = A98A1AED29F8A42A002BE8AA /* Project object */;
			proxyType = 1;
			remoteGlobalIDString = A98A1AF429F8A42A002BE8AA;
			remoteInfo = TrboSocial;
		};
/* End PBXContainerItemProxy section */

/* Begin PBXFileReference section */
		A98A1AF529F8A42A002BE8AA /* TrboSocial.app */ = {isa = PBXFileReference; explicitFileType = wrapper.application; includeInIndex = 0; path = TrboSocial.app; sourceTree = BUILT_PRODUCTS_DIR; };
		A98A1AF829F8A42A002BE8AA /* TrboSocialApp.swift */ = {isa = PBXFileReference; lastKnownFileType = sourcecode.swift; path = TrboSocialApp.swift; sourceTree = "<group>"; };
		A98A1AFA29F8A42A002BE8AA /* ContentView.swift */ = {isa = PBXFileReference; lastKnownFileType = sourcecode.swift; path = ContentView.swift; sourceTree = "<group>"; };
		A98A1AFC29F8A42C002BE8AA /* Assets.xcassets */ = {isa = PBXFileReference; lastKnownFileType = folder.assetcatalog; path = Assets.xcassets; sourceTree = "<group>"; };
		A98A1AFF29F8A42C002BE8AA /* Preview Assets.xcassets */ = {isa = PBXFileReference; lastKnownFileType = folder.assetcatalog; path = "Preview Assets.xcassets"; sourceTree = "<group>"; };
		A98A1B0529F8A42C002BE8AA /* TrboSocialTests.xctest */ = {isa = PBXFileReference; explicitFileType = wrapper.cfbundle; includeInIndex = 0; path = TrboSocialTests.xctest; sourceTree = BUILT_PRODUCTS_DIR; };
		A98A1B0929F8A42C002BE8AA /* TrboSocialTests.swift */ = {isa = PBXFileReference; lastKnownFileType = sourcecode.swift; path = TrboSocialTests.swift; sourceTree = "<group>"; };
		A98A1B0F29F8A42C002BE8AA /* TrboSocialUITests.xctest */ = {isa = PBXFileReference; explicitFileType = wrapper.cfbundle; includeInIndex = 0; path = TrboSocialUITests.xctest; sourceTree = BUILT_PRODUCTS_DIR; };
		A98A1B1329F8A42C002BE8AA /* TrboSocialUITests.swift */ = {isa = PBXFileReference; lastKnownFileType = sourcecode.swift; path = TrboSocialUITests.swift; sourceTree = "<group>"; };
		A98A1B1529F8A42C002BE8AA /* TrboSocialUITestsLaunchTests.swift */ = {isa = PBXFileReference; lastKnownFileType = sourcecode.swift; path = TrboSocialUITestsLaunchTests.swift; sourceTree = "<group>"; };
		A98A1B2429F8B1D8002BE8AA /* LoginView.swift */ = {isa = PBXFileReference; lastKnownFileType = sourcecode.swift; path = LoginView.swift; sourceTree = "<group>"; };
		A98A1B5D29F8B404002BE8AA /* GoogleService-Info.plist */ = {isa = PBXFileReference; fileEncoding = 4; lastKnownFileType = text.plist.xml; name = "GoogleService-Info.plist"; path = "../GoogleService-Info.plist"; sourceTree = "<group>"; };
		A98A1B5F29F8B40B002BE8AA /* GoogleService-Info.plist */ = {isa = PBXFileReference; fileEncoding = 4; lastKnownFileType = text.plist.xml; name = "GoogleService-Info.plist"; path = "../../GoogleService-Info.plist"; sourceTree = "<group>"; };
/* End PBXFileReference section */

/* Begin PBXFrameworksBuildPhase section */
		A98A1AF229F8A42A002BE8AA /* Frameworks */ = {
			isa = PBXFrameworksBuildPhase;
			buildActionMask = 2147483647;
			files = (
				A98A1B3A29F8B331002BE8AA /* FirebaseDatabase in Frameworks */,
				A98A1B4829F8B331002BE8AA /* FirebaseFunctionsCombine-Community in Frameworks */,
				A98A1B4029F8B331002BE8AA /* FirebaseFirestore in Frameworks */,
				A98A1B2C29F8B331002BE8AA /* FirebaseAnalyticsSwift in Frameworks */,
				A98A1B2829F8B331002BE8AA /* FirebaseAnalytics in Frameworks */,
				A98A1B2A29F8B331002BE8AA /* FirebaseAnalyticsOnDeviceConversion in Frameworks */,
				A98A1B5029F8B331002BE8AA /* FirebaseMLModelDownloader in Frameworks */,
				A98A1B4429F8B331002BE8AA /* FirebaseFirestoreSwift in Frameworks */,
				A98A1B3029F8B331002BE8AA /* FirebaseAppCheck in Frameworks */,
				A98A1B2E29F8B331002BE8AA /* FirebaseAnalyticsWithoutAdIdSupport in Frameworks */,
				A98A1B3429F8B331002BE8AA /* FirebaseAuth in Frameworks */,
				A98A1B3829F8B331002BE8AA /* FirebaseCrashlytics in Frameworks */,
				A98A1B5829F8B331002BE8AA /* FirebaseRemoteConfigSwift in Frameworks */,
				A98A1B4A29F8B331002BE8AA /* FirebaseInAppMessaging-Beta in Frameworks */,
				A98A1B3C29F8B331002BE8AA /* FirebaseDatabaseSwift in Frameworks */,
				A98A1B4629F8B331002BE8AA /* FirebaseFunctions in Frameworks */,
				A98A1B5C29F8B331002BE8AA /* FirebaseStorageCombine-Community in Frameworks */,
				A98A1B5629F8B331002BE8AA /* FirebaseRemoteConfig in Frameworks */,
				A98A1B3229F8B331002BE8AA /* FirebaseAppDistribution-Beta in Frameworks */,
				A98A1B3629F8B331002BE8AA /* FirebaseAuthCombine-Community in Frameworks */,
				A98A1B5429F8B331002BE8AA /* FirebasePerformance in Frameworks */,
				A98A1B4C29F8B331002BE8AA /* FirebaseInAppMessagingSwift-Beta in Frameworks */,
				A98A1B5A29F8B331002BE8AA /* FirebaseStorage in Frameworks */,
				A98A1B3E29F8B331002BE8AA /* FirebaseDynamicLinks in Frameworks */,
				A98A1B4229F8B331002BE8AA /* FirebaseFirestoreCombine-Community in Frameworks */,
				A98A1B5229F8B331002BE8AA /* FirebaseMessaging in Frameworks */,
				A98A1B4E29F8B331002BE8AA /* FirebaseInstallations in Frameworks */,
			);
			runOnlyForDeploymentPostprocessing = 0;
		};
		A98A1B0229F8A42C002BE8AA /* Frameworks */ = {
			isa = PBXFrameworksBuildPhase;
			buildActionMask = 2147483647;
			files = (
			);
			runOnlyForDeploymentPostprocessing = 0;
		};
		A98A1B0C29F8A42C002BE8AA /* Frameworks */ = {
			isa = PBXFrameworksBuildPhase;
			buildActionMask = 2147483647;
			files = (
			);
			runOnlyForDeploymentPostprocessing = 0;
		};
/* End PBXFrameworksBuildPhase section */

/* Begin PBXGroup section */
		A98A1AEC29F8A42A002BE8AA = {
			isa = PBXGroup;
			children = (
				A98A1B5D29F8B404002BE8AA /* GoogleService-Info.plist */,
				A98A1AF729F8A42A002BE8AA /* TrboSocial */,
				A98A1B0829F8A42C002BE8AA /* TrboSocialTests */,
				A98A1B1229F8A42C002BE8AA /* TrboSocialUITests */,
				A98A1AF629F8A42A002BE8AA /* Products */,
			);
			sourceTree = "<group>";
		};
		A98A1AF629F8A42A002BE8AA /* Products */ = {
			isa = PBXGroup;
			children = (
				A98A1AF529F8A42A002BE8AA /* TrboSocial.app */,
				A98A1B0529F8A42C002BE8AA /* TrboSocialTests.xctest */,
				A98A1B0F29F8A42C002BE8AA /* TrboSocialUITests.xctest */,
			);
			name = Products;
			sourceTree = "<group>";
		};
		A98A1AF729F8A42A002BE8AA /* TrboSocial */ = {
			isa = PBXGroup;
			children = (
				A98A1B5F29F8B40B002BE8AA /* GoogleService-Info.plist */,
				A98A1AF829F8A42A002BE8AA /* TrboSocialApp.swift */,
				A98A1AFA29F8A42A002BE8AA /* ContentView.swift */,
				A98A1AFC29F8A42C002BE8AA /* Assets.xcassets */,
				A98A1AFE29F8A42C002BE8AA /* Preview Content */,
				A98A1B2429F8B1D8002BE8AA /* LoginView.swift */,
			);
			path = TrboSocial;
			sourceTree = "<group>";
		};
		A98A1AFE29F8A42C002BE8AA /* Preview Content */ = {
			isa = PBXGroup;
			children = (
				A98A1AFF29F8A42C002BE8AA /* Preview Assets.xcassets */,
			);
			path = "Preview Content";
			sourceTree = "<group>";
		};
		A98A1B0829F8A42C002BE8AA /* TrboSocialTests */ = {
			isa = PBXGroup;
			children = (
				A98A1B0929F8A42C002BE8AA /* TrboSocialTests.swift */,
			);
			path = TrboSocialTests;
			sourceTree = "<group>";
		};
		A98A1B1229F8A42C002BE8AA /* TrboSocialUITests */ = {
			isa = PBXGroup;
			children = (
				A98A1B1329F8A42C002BE8AA /* TrboSocialUITests.swift */,
				A98A1B1529F8A42C002BE8AA /* TrboSocialUITestsLaunchTests.swift */,
			);
			path = TrboSocialUITests;
			sourceTree = "<group>";
		};
/* End PBXGroup section */

/* Begin PBXNativeTarget section */
		A98A1AF429F8A42A002BE8AA /* TrboSocial */ = {
			isa = PBXNativeTarget;
			buildConfigurationList = A98A1B1929F8A42C002BE8AA /* Build configuration list for PBXNativeTarget "TrboSocial" */;
			buildPhases = (
				A98A1AF129F8A42A002BE8AA /* Sources */,
				A98A1AF229F8A42A002BE8AA /* Frameworks */,
				A98A1AF329F8A42A002BE8AA /* Resources */,
			);
			buildRules = (
			);
			dependencies = (
			);
			name = TrboSocial;
			packageProductDependencies = (
				A98A1B2729F8B331002BE8AA /* FirebaseAnalytics */,
				A98A1B2929F8B331002BE8AA /* FirebaseAnalyticsOnDeviceConversion */,
				A98A1B2B29F8B331002BE8AA /* FirebaseAnalyticsSwift */,
				A98A1B2D29F8B331002BE8AA /* FirebaseAnalyticsWithoutAdIdSupport */,
				A98A1B2F29F8B331002BE8AA /* FirebaseAppCheck */,
				A98A1B3129F8B331002BE8AA /* FirebaseAppDistribution-Beta */,
				A98A1B3329F8B331002BE8AA /* FirebaseAuth */,
				A98A1B3529F8B331002BE8AA /* FirebaseAuthCombine-Community */,
				A98A1B3729F8B331002BE8AA /* FirebaseCrashlytics */,
				A98A1B3929F8B331002BE8AA /* FirebaseDatabase */,
				A98A1B3B29F8B331002BE8AA /* FirebaseDatabaseSwift */,
				A98A1B3D29F8B331002BE8AA /* FirebaseDynamicLinks */,
				A98A1B3F29F8B331002BE8AA /* FirebaseFirestore */,
				A98A1B4129F8B331002BE8AA /* FirebaseFirestoreCombine-Community */,
				A98A1B4329F8B331002BE8AA /* FirebaseFirestoreSwift */,
				A98A1B4529F8B331002BE8AA /* FirebaseFunctions */,
				A98A1B4729F8B331002BE8AA /* FirebaseFunctionsCombine-Community */,
				A98A1B4929F8B331002BE8AA /* FirebaseInAppMessaging-Beta */,
				A98A1B4B29F8B331002BE8AA /* FirebaseInAppMessagingSwift-Beta */,
				A98A1B4D29F8B331002BE8AA /* FirebaseInstallations */,
				A98A1B4F29F8B331002BE8AA /* FirebaseMLModelDownloader */,
				A98A1B5129F8B331002BE8AA /* FirebaseMessaging */,
				A98A1B5329F8B331002BE8AA /* FirebasePerformance */,
				A98A1B5529F8B331002BE8AA /* FirebaseRemoteConfig */,
				A98A1B5729F8B331002BE8AA /* FirebaseRemoteConfigSwift */,
				A98A1B5929F8B331002BE8AA /* FirebaseStorage */,
				A98A1B5B29F8B331002BE8AA /* FirebaseStorageCombine-Community */,
			);
			productName = TrboSocial;
			productReference = A98A1AF529F8A42A002BE8AA /* TrboSocial.app */;
			productType = "com.apple.product-type.application";
		};
		A98A1B0429F8A42C002BE8AA /* TrboSocialTests */ = {
			isa = PBXNativeTarget;
			buildConfigurationList = A98A1B1C29F8A42C002BE8AA /* Build configuration list for PBXNativeTarget "TrboSocialTests" */;
			buildPhases = (
				A98A1B0129F8A42C002BE8AA /* Sources */,
				A98A1B0229F8A42C002BE8AA /* Frameworks */,
				A98A1B0329F8A42C002BE8AA /* Resources */,
			);
			buildRules = (
			);
			dependencies = (
				A98A1B0729F8A42C002BE8AA /* PBXTargetDependency */,
			);
			name = TrboSocialTests;
			productName = TrboSocialTests;
			productReference = A98A1B0529F8A42C002BE8AA /* TrboSocialTests.xctest */;
			productType = "com.apple.product-type.bundle.unit-test";
		};
		A98A1B0E29F8A42C002BE8AA /* TrboSocialUITests */ = {
			isa = PBXNativeTarget;
			buildConfigurationList = A98A1B1F29F8A42C002BE8AA /* Build configuration list for PBXNativeTarget "TrboSocialUITests" */;
			buildPhases = (
				A98A1B0B29F8A42C002BE8AA /* Sources */,
				A98A1B0C29F8A42C002BE8AA /* Frameworks */,
				A98A1B0D29F8A42C002BE8AA /* Resources */,
			);
			buildRules = (
			);
			dependencies = (
				A98A1B1129F8A42C002BE8AA /* PBXTargetDependency */,
			);
			name = TrboSocialUITests;
			productName = TrboSocialUITests;
			productReference = A98A1B0F29F8A42C002BE8AA /* TrboSocialUITests.xctest */;
			productType = "com.apple.product-type.bundle.ui-testing";
		};
/* End PBXNativeTarget section */

/* Begin PBXProject section */
		A98A1AED29F8A42A002BE8AA /* Project object */ = {
			isa = PBXProject;
			attributes = {
				BuildIndependentTargetsInParallel = 1;
				LastSwiftUpdateCheck = 1430;
				LastUpgradeCheck = 1430;
				TargetAttributes = {
					A98A1AF429F8A42A002BE8AA = {
						CreatedOnToolsVersion = 14.3;
					};
					A98A1B0429F8A42C002BE8AA = {
						CreatedOnToolsVersion = 14.3;
						TestTargetID = A98A1AF429F8A42A002BE8AA;
					};
					A98A1B0E29F8A42C002BE8AA = {
						CreatedOnToolsVersion = 14.3;
						TestTargetID = A98A1AF429F8A42A002BE8AA;
					};
				};
			};
			buildConfigurationList = A98A1AF029F8A42A002BE8AA /* Build configuration list for PBXProject "TrboSocial" */;
			compatibilityVersion = "Xcode 14.0";
			developmentRegion = en;
			hasScannedForEncodings = 0;
			knownRegions = (
				en,
				Base,
			);
			mainGroup = A98A1AEC29F8A42A002BE8AA;
			packageReferences = (
				A98A1B2629F8B331002BE8AA /* XCRemoteSwiftPackageReference "firebase-ios-sdk" */,
			);
			productRefGroup = A98A1AF629F8A42A002BE8AA /* Products */;
			projectDirPath = "";
			projectRoot = "";
			targets = (
				A98A1AF429F8A42A002BE8AA /* TrboSocial */,
				A98A1B0429F8A42C002BE8AA /* TrboSocialTests */,
				A98A1B0E29F8A42C002BE8AA /* TrboSocialUITests */,
			);
		};
/* End PBXProject section */

/* Begin PBXResourcesBuildPhase section */
		A98A1AF329F8A42A002BE8AA /* Resources */ = {
			isa = PBXResourcesBuildPhase;
			buildActionMask = 2147483647;
			files = (
				A98A1B0029F8A42C002BE8AA /* Preview Assets.xcassets in Resources */,
				A98A1B6029F8B40B002BE8AA /* GoogleService-Info.plist in Resources */,
				A98A1AFD29F8A42C002BE8AA /* Assets.xcassets in Resources */,
				A98A1B5E29F8B404002BE8AA /* GoogleService-Info.plist in Resources */,
			);
			runOnlyForDeploymentPostprocessing = 0;
		};
		A98A1B0329F8A42C002BE8AA /* Resources */ = {
			isa = PBXResourcesBuildPhase;
			buildActionMask = 2147483647;
			files = (
			);
			runOnlyForDeploymentPostprocessing = 0;
		};
		A98A1B0D29F8A42C002BE8AA /* Resources */ = {
			isa = PBXResourcesBuildPhase;
			buildActionMask = 2147483647;
			files = (
			);
			runOnlyForDeploymentPostprocessing = 0;
		};
/* End PBXResourcesBuildPhase section */

/* Begin PBXSourcesBuildPhase section */
		A98A1AF129F8A42A002BE8AA /* Sources */ = {
			isa = PBXSourcesBuildPhase;
			buildActionMask = 2147483647;
			files = (
				A98A1B2529F8B1D9002BE8AA /* LoginView.swift in Sources */,
				A98A1AFB29F8A42A002BE8AA /* ContentView.swift in Sources */,
				A98A1AF929F8A42A002BE8AA /* TrboSocialApp.swift in Sources */,
			);
			runOnlyForDeploymentPostprocessing = 0;
		};
		A98A1B0129F8A42C002BE8AA /* Sources */ = {
			isa = PBXSourcesBuildPhase;
			buildActionMask = 2147483647;
			files = (
				A98A1B0A29F8A42C002BE8AA /* TrboSocialTests.swift in Sources */,
			);
			runOnlyForDeploymentPostprocessing = 0;
		};
		A98A1B0B29F8A42C002BE8AA /* Sources */ = {
			isa = PBXSourcesBuildPhase;
			buildActionMask = 2147483647;
			files = (
				A98A1B1629F8A42C002BE8AA /* TrboSocialUITestsLaunchTests.swift in Sources */,
				A98A1B1429F8A42C002BE8AA /* TrboSocialUITests.swift in Sources */,
			);
			runOnlyForDeploymentPostprocessing = 0;
		};
/* End PBXSourcesBuildPhase section */

/* Begin PBXTargetDependency section */
		A98A1B0729F8A42C002BE8AA /* PBXTargetDependency */ = {
			isa = PBXTargetDependency;
			target = A98A1AF429F8A42A002BE8AA /* TrboSocial */;
			targetProxy = A98A1B0629F8A42C002BE8AA /* PBXContainerItemProxy */;
		};
		A98A1B1129F8A42C002BE8AA /* PBXTargetDependency */ = {
			isa = PBXTargetDependency;
			target = A98A1AF429F8A42A002BE8AA /* TrboSocial */;
			targetProxy = A98A1B1029F8A42C002BE8AA /* PBXContainerItemProxy */;
		};
/* End PBXTargetDependency section */

/* Begin XCBuildConfiguration section */
		A98A1B1729F8A42C002BE8AA /* Debug */ = {
			isa = XCBuildConfiguration;
			buildSettings = {
				ALWAYS_SEARCH_USER_PATHS = NO;
				CLANG_ANALYZER_NONNULL = YES;
				CLANG_ANALYZER_NUMBER_OBJECT_CONVERSION = YES_AGGRESSIVE;
				CLANG_CXX_LANGUAGE_STANDARD = "gnu++20";
				CLANG_ENABLE_MODULES = YES;
				CLANG_ENABLE_OBJC_ARC = YES;
				CLANG_ENABLE_OBJC_WEAK = YES;
				CLANG_WARN_BLOCK_CAPTURE_AUTORELEASING = YES;
				CLANG_WARN_BOOL_CONVERSION = YES;
				CLANG_WARN_COMMA = YES;
				CLANG_WARN_CONSTANT_CONVERSION = YES;
				CLANG_WARN_DEPRECATED_OBJC_IMPLEMENTATIONS = YES;
				CLANG_WARN_DIRECT_OBJC_ISA_USAGE = YES_ERROR;
				CLANG_WARN_DOCUMENTATION_COMMENTS = YES;
				CLANG_WARN_EMPTY_BODY = YES;
				CLANG_WARN_ENUM_CONVERSION = YES;
				CLANG_WARN_INFINITE_RECURSION = YES;
				CLANG_WARN_INT_CONVERSION = YES;
				CLANG_WARN_NON_LITERAL_NULL_CONVERSION = YES;
				CLANG_WARN_OBJC_IMPLICIT_RETAIN_SELF = YES;
				CLANG_WARN_OBJC_LITERAL_CONVERSION = YES;
				CLANG_WARN_OBJC_ROOT_CLASS = YES_ERROR;
				CLANG_WARN_QUOTED_INCLUDE_IN_FRAMEWORK_HEADER = YES;
				CLANG_WARN_RANGE_LOOP_ANALYSIS = YES;
				CLANG_WARN_STRICT_PROTOTYPES = YES;
				CLANG_WARN_SUSPICIOUS_MOVE = YES;
				CLANG_WARN_UNGUARDED_AVAILABILITY = YES_AGGRESSIVE;
				CLANG_WARN_UNREACHABLE_CODE = YES;
				CLANG_WARN__DUPLICATE_METHOD_MATCH = YES;
				COPY_PHASE_STRIP = NO;
				DEBUG_INFORMATION_FORMAT = dwarf;
				ENABLE_STRICT_OBJC_MSGSEND = YES;
				ENABLE_TESTABILITY = YES;
				GCC_C_LANGUAGE_STANDARD = gnu11;
				GCC_DYNAMIC_NO_PIC = NO;
				GCC_NO_COMMON_BLOCKS = YES;
				GCC_OPTIMIZATION_LEVEL = 0;
				GCC_PREPROCESSOR_DEFINITIONS = (
					"DEBUG=1",
					"$(inherited)",
				);
				GCC_WARN_64_TO_32_BIT_CONVERSION = YES;
				GCC_WARN_ABOUT_RETURN_TYPE = YES_ERROR;
				GCC_WARN_UNDECLARED_SELECTOR = YES;
				GCC_WARN_UNINITIALIZED_AUTOS = YES_AGGRESSIVE;
				GCC_WARN_UNUSED_FUNCTION = YES;
				GCC_WARN_UNUSED_VARIABLE = YES;
				IPHONEOS_DEPLOYMENT_TARGET = 16.4;
				MTL_ENABLE_DEBUG_INFO = INCLUDE_SOURCE;
				MTL_FAST_MATH = YES;
				ONLY_ACTIVE_ARCH = YES;
				SDKROOT = iphoneos;
				SWIFT_ACTIVE_COMPILATION_CONDITIONS = DEBUG;
				SWIFT_OPTIMIZATION_LEVEL = "-Onone";
			};
			name = Debug;
		};
		A98A1B1829F8A42C002BE8AA /* Release */ = {
			isa = XCBuildConfiguration;
			buildSettings = {
				ALWAYS_SEARCH_USER_PATHS = NO;
				CLANG_ANALYZER_NONNULL = YES;
				CLANG_ANALYZER_NUMBER_OBJECT_CONVERSION = YES_AGGRESSIVE;
				CLANG_CXX_LANGUAGE_STANDARD = "gnu++20";
				CLANG_ENABLE_MODULES = YES;
				CLANG_ENABLE_OBJC_ARC = YES;
				CLANG_ENABLE_OBJC_WEAK = YES;
				CLANG_WARN_BLOCK_CAPTURE_AUTORELEASING = YES;
				CLANG_WARN_BOOL_CONVERSION = YES;
				CLANG_WARN_COMMA = YES;
				CLANG_WARN_CONSTANT_CONVERSION = YES;
				CLANG_WARN_DEPRECATED_OBJC_IMPLEMENTATIONS = YES;
				CLANG_WARN_DIRECT_OBJC_ISA_USAGE = YES_ERROR;
				CLANG_WARN_DOCUMENTATION_COMMENTS = YES;
				CLANG_WARN_EMPTY_BODY = YES;
				CLANG_WARN_ENUM_CONVERSION = YES;
				CLANG_WARN_INFINITE_RECURSION = YES;
				CLANG_WARN_INT_CONVERSION = YES;
				CLANG_WARN_NON_LITERAL_NULL_CONVERSION = YES;
				CLANG_WARN_OBJC_IMPLICIT_RETAIN_SELF = YES;
				CLANG_WARN_OBJC_LITERAL_CONVERSION = YES;
				CLANG_WARN_OBJC_ROOT_CLASS = YES_ERROR;
				CLANG_WARN_QUOTED_INCLUDE_IN_FRAMEWORK_HEADER = YES;
				CLANG_WARN_RANGE_LOOP_ANALYSIS = YES;
				CLANG_WARN_STRICT_PROTOTYPES = YES;
				CLANG_WARN_SUSPICIOUS_MOVE = YES;
				CLANG_WARN_UNGUARDED_AVAILABILITY = YES_AGGRESSIVE;
				CLANG_WARN_UNREACHABLE_CODE = YES;
				CLANG_WARN__DUPLICATE_METHOD_MATCH = YES;
				COPY_PHASE_STRIP = NO;
				DEBUG_INFORMATION_FORMAT = "dwarf-with-dsym";
				ENABLE_NS_ASSERTIONS = NO;
				ENABLE_STRICT_OBJC_MSGSEND = YES;
				GCC_C_LANGUAGE_STANDARD = gnu11;
				GCC_NO_COMMON_BLOCKS = YES;
				GCC_WARN_64_TO_32_BIT_CONVERSION = YES;
				GCC_WARN_ABOUT_RETURN_TYPE = YES_ERROR;
				GCC_WARN_UNDECLARED_SELECTOR = YES;
				GCC_WARN_UNINITIALIZED_AUTOS = YES_AGGRESSIVE;
				GCC_WARN_UNUSED_FUNCTION = YES;
				GCC_WARN_UNUSED_VARIABLE = YES;
				IPHONEOS_DEPLOYMENT_TARGET = 16.4;
				MTL_ENABLE_DEBUG_INFO = NO;
				MTL_FAST_MATH = YES;
				SDKROOT = iphoneos;
				SWIFT_COMPILATION_MODE = wholemodule;
				SWIFT_OPTIMIZATION_LEVEL = "-O";
				VALIDATE_PRODUCT = YES;
			};
			name = Release;
		};
		A98A1B1A29F8A42C002BE8AA /* Debug */ = {
			isa = XCBuildConfiguration;
			buildSettings = {
				ASSETCATALOG_COMPILER_APPICON_NAME = AppIcon;
				ASSETCATALOG_COMPILER_GLOBAL_ACCENT_COLOR_NAME = AccentColor;
				CODE_SIGN_STYLE = Automatic;
				CURRENT_PROJECT_VERSION = 1;
				DEVELOPMENT_ASSET_PATHS = "\"TrboSocial/Preview Content\"";
				DEVELOPMENT_TEAM = 8GX3KVC7D6;
				ENABLE_PREVIEWS = YES;
				GENERATE_INFOPLIST_FILE = YES;
				INFOPLIST_KEY_UIApplicationSceneManifest_Generation = YES;
				INFOPLIST_KEY_UIApplicationSupportsIndirectInputEvents = YES;
				INFOPLIST_KEY_UILaunchScreen_Generation = YES;
				INFOPLIST_KEY_UISupportedInterfaceOrientations_iPad = "UIInterfaceOrientationPortrait UIInterfaceOrientationPortraitUpsideDown UIInterfaceOrientationLandscapeLeft UIInterfaceOrientationLandscapeRight";
				INFOPLIST_KEY_UISupportedInterfaceOrientations_iPhone = "UIInterfaceOrientationPortrait UIInterfaceOrientationLandscapeLeft UIInterfaceOrientationLandscapeRight";
				LD_RUNPATH_SEARCH_PATHS = (
					"$(inherited)",
					"@executable_path/Frameworks",
				);
				MARKETING_VERSION = 1.0;
				PRODUCT_BUNDLE_IDENTIFIER = dev.michaelh.TrboSocial;
				PRODUCT_NAME = "$(TARGET_NAME)";
				SWIFT_EMIT_LOC_STRINGS = YES;
				SWIFT_VERSION = 5.0;
				TARGETED_DEVICE_FAMILY = "1,2";
			};
			name = Debug;
		};
		A98A1B1B29F8A42C002BE8AA /* Release */ = {
			isa = XCBuildConfiguration;
			buildSettings = {
				ASSETCATALOG_COMPILER_APPICON_NAME = AppIcon;
				ASSETCATALOG_COMPILER_GLOBAL_ACCENT_COLOR_NAME = AccentColor;
				CODE_SIGN_STYLE = Automatic;
				CURRENT_PROJECT_VERSION = 1;
				DEVELOPMENT_ASSET_PATHS = "\"TrboSocial/Preview Content\"";
				DEVELOPMENT_TEAM = 8GX3KVC7D6;
				ENABLE_PREVIEWS = YES;
				GENERATE_INFOPLIST_FILE = YES;
				INFOPLIST_KEY_UIApplicationSceneManifest_Generation = YES;
				INFOPLIST_KEY_UIApplicationSupportsIndirectInputEvents = YES;
				INFOPLIST_KEY_UILaunchScreen_Generation = YES;
				INFOPLIST_KEY_UISupportedInterfaceOrientations_iPad = "UIInterfaceOrientationPortrait UIInterfaceOrientationPortraitUpsideDown UIInterfaceOrientationLandscapeLeft UIInterfaceOrientationLandscapeRight";
				INFOPLIST_KEY_UISupportedInterfaceOrientations_iPhone = "UIInterfaceOrientationPortrait UIInterfaceOrientationLandscapeLeft UIInterfaceOrientationLandscapeRight";
				LD_RUNPATH_SEARCH_PATHS = (
					"$(inherited)",
					"@executable_path/Frameworks",
				);
				MARKETING_VERSION = 1.0;
				PRODUCT_BUNDLE_IDENTIFIER = dev.michaelh.TrboSocial;
				PRODUCT_NAME = "$(TARGET_NAME)";
				SWIFT_EMIT_LOC_STRINGS = YES;
				SWIFT_VERSION = 5.0;
				TARGETED_DEVICE_FAMILY = "1,2";
			};
			name = Release;
		};
		A98A1B1D29F8A42C002BE8AA /* Debug */ = {
			isa = XCBuildConfiguration;
			buildSettings = {
				ALWAYS_EMBED_SWIFT_STANDARD_LIBRARIES = YES;
				BUNDLE_LOADER = "$(TEST_HOST)";
				CODE_SIGN_STYLE = Automatic;
				CURRENT_PROJECT_VERSION = 1;
				DEVELOPMENT_TEAM = 8GX3KVC7D6;
				GENERATE_INFOPLIST_FILE = YES;
				IPHONEOS_DEPLOYMENT_TARGET = 16.4;
				MARKETING_VERSION = 1.0;
				PRODUCT_BUNDLE_IDENTIFIER = dev.michaelh.TrboSocialTests;
				PRODUCT_NAME = "$(TARGET_NAME)";
				SWIFT_EMIT_LOC_STRINGS = NO;
				SWIFT_VERSION = 5.0;
				TARGETED_DEVICE_FAMILY = "1,2";
				TEST_HOST = "$(BUILT_PRODUCTS_DIR)/TrboSocial.app/$(BUNDLE_EXECUTABLE_FOLDER_PATH)/TrboSocial";
			};
			name = Debug;
		};
		A98A1B1E29F8A42C002BE8AA /* Release */ = {
			isa = XCBuildConfiguration;
			buildSettings = {
				ALWAYS_EMBED_SWIFT_STANDARD_LIBRARIES = YES;
				BUNDLE_LOADER = "$(TEST_HOST)";
				CODE_SIGN_STYLE = Automatic;
				CURRENT_PROJECT_VERSION = 1;
				DEVELOPMENT_TEAM = 8GX3KVC7D6;
				GENERATE_INFOPLIST_FILE = YES;
				IPHONEOS_DEPLOYMENT_TARGET = 16.4;
				MARKETING_VERSION = 1.0;
				PRODUCT_BUNDLE_IDENTIFIER = dev.michaelh.TrboSocialTests;
				PRODUCT_NAME = "$(TARGET_NAME)";
				SWIFT_EMIT_LOC_STRINGS = NO;
				SWIFT_VERSION = 5.0;
				TARGETED_DEVICE_FAMILY = "1,2";
				TEST_HOST = "$(BUILT_PRODUCTS_DIR)/TrboSocial.app/$(BUNDLE_EXECUTABLE_FOLDER_PATH)/TrboSocial";
			};
			name = Release;
		};
		A98A1B2029F8A42C002BE8AA /* Debug */ = {
			isa = XCBuildConfiguration;
			buildSettings = {
				ALWAYS_EMBED_SWIFT_STANDARD_LIBRARIES = YES;
				CODE_SIGN_STYLE = Automatic;
				CURRENT_PROJECT_VERSION = 1;
				DEVELOPMENT_TEAM = 8GX3KVC7D6;
				GENERATE_INFOPLIST_FILE = YES;
				MARKETING_VERSION = 1.0;
				PRODUCT_BUNDLE_IDENTIFIER = dev.michaelh.TrboSocialUITests;
				PRODUCT_NAME = "$(TARGET_NAME)";
				SWIFT_EMIT_LOC_STRINGS = NO;
				SWIFT_VERSION = 5.0;
				TARGETED_DEVICE_FAMILY = "1,2";
				TEST_TARGET_NAME = TrboSocial;
			};
			name = Debug;
		};
		A98A1B2129F8A42C002BE8AA /* Release */ = {
			isa = XCBuildConfiguration;
			buildSettings = {
				ALWAYS_EMBED_SWIFT_STANDARD_LIBRARIES = YES;
				CODE_SIGN_STYLE = Automatic;
				CURRENT_PROJECT_VERSION = 1;
				DEVELOPMENT_TEAM = 8GX3KVC7D6;
				GENERATE_INFOPLIST_FILE = YES;
				MARKETING_VERSION = 1.0;
				PRODUCT_BUNDLE_IDENTIFIER = dev.michaelh.TrboSocialUITests;
				PRODUCT_NAME = "$(TARGET_NAME)";
				SWIFT_EMIT_LOC_STRINGS = NO;
				SWIFT_VERSION = 5.0;
				TARGETED_DEVICE_FAMILY = "1,2";
				TEST_TARGET_NAME = TrboSocial;
			};
			name = Release;
		};
/* End XCBuildConfiguration section */

/* Begin XCConfigurationList section */
		A98A1AF029F8A42A002BE8AA /* Build configuration list for PBXProject "TrboSocial" */ = {
			isa = XCConfigurationList;
			buildConfigurations = (
				A98A1B1729F8A42C002BE8AA /* Debug */,
				A98A1B1829F8A42C002BE8AA /* Release */,
			);
			defaultConfigurationIsVisible = 0;
			defaultConfigurationName = Release;
		};
		A98A1B1929F8A42C002BE8AA /* Build configuration list for PBXNativeTarget "TrboSocial" */ = {
			isa = XCConfigurationList;
			buildConfigurations = (
				A98A1B1A29F8A42C002BE8AA /* Debug */,
				A98A1B1B29F8A42C002BE8AA /* Release */,
			);
			defaultConfigurationIsVisible = 0;
			defaultConfigurationName = Release;
		};
		A98A1B1C29F8A42C002BE8AA /* Build configuration list for PBXNativeTarget "TrboSocialTests" */ = {
			isa = XCConfigurationList;
			buildConfigurations = (
				A98A1B1D29F8A42C002BE8AA /* Debug */,
				A98A1B1E29F8A42C002BE8AA /* Release */,
			);
			defaultConfigurationIsVisible = 0;
			defaultConfigurationName = Release;
		};
		A98A1B1F29F8A42C002BE8AA /* Build configuration list for PBXNativeTarget "TrboSocialUITests" */ = {
			isa = XCConfigurationList;
			buildConfigurations = (
				A98A1B2029F8A42C002BE8AA /* Debug */,
				A98A1B2129F8A42C002BE8AA /* Release */,
			);
			defaultConfigurationIsVisible = 0;
			defaultConfigurationName = Release;
		};
/* End XCConfigurationList section */

/* Begin XCRemoteSwiftPackageReference section */
		A98A1B2629F8B331002BE8AA /* XCRemoteSwiftPackageReference "firebase-ios-sdk" */ = {
			isa = XCRemoteSwiftPackageReference;
			repositoryURL = "https://github.com/firebase/firebase-ios-sdk";
			requirement = {
				kind = upToNextMajorVersion;
				minimumVersion = 10.0.0;
			};
		};
/* End XCRemoteSwiftPackageReference section */

/* Begin XCSwiftPackageProductDependency section */
		A98A1B2729F8B331002BE8AA /* FirebaseAnalytics */ = {
			isa = XCSwiftPackageProductDependency;
			package = A98A1B2629F8B331002BE8AA /* XCRemoteSwiftPackageReference "firebase-ios-sdk" */;
			productName = FirebaseAnalytics;
		};
		A98A1B2929F8B331002BE8AA /* FirebaseAnalyticsOnDeviceConversion */ = {
			isa = XCSwiftPackageProductDependency;
			package = A98A1B2629F8B331002BE8AA /* XCRemoteSwiftPackageReference "firebase-ios-sdk" */;
			productName = FirebaseAnalyticsOnDeviceConversion;
		};
		A98A1B2B29F8B331002BE8AA /* FirebaseAnalyticsSwift */ = {
			isa = XCSwiftPackageProductDependency;
			package = A98A1B2629F8B331002BE8AA /* XCRemoteSwiftPackageReference "firebase-ios-sdk" */;
			productName = FirebaseAnalyticsSwift;
		};
		A98A1B2D29F8B331002BE8AA /* FirebaseAnalyticsWithoutAdIdSupport */ = {
			isa = XCSwiftPackageProductDependency;
			package = A98A1B2629F8B331002BE8AA /* XCRemoteSwiftPackageReference "firebase-ios-sdk" */;
			productName = FirebaseAnalyticsWithoutAdIdSupport;
		};
		A98A1B2F29F8B331002BE8AA /* FirebaseAppCheck */ = {
			isa = XCSwiftPackageProductDependency;
			package = A98A1B2629F8B331002BE8AA /* XCRemoteSwiftPackageReference "firebase-ios-sdk" */;
			productName = FirebaseAppCheck;
		};
		A98A1B3129F8B331002BE8AA /* FirebaseAppDistribution-Beta */ = {
			isa = XCSwiftPackageProductDependency;
			package = A98A1B2629F8B331002BE8AA /* XCRemoteSwiftPackageReference "firebase-ios-sdk" */;
			productName = "FirebaseAppDistribution-Beta";
		};
		A98A1B3329F8B331002BE8AA /* FirebaseAuth */ = {
			isa = XCSwiftPackageProductDependency;
			package = A98A1B2629F8B331002BE8AA /* XCRemoteSwiftPackageReference "firebase-ios-sdk" */;
			productName = FirebaseAuth;
		};
		A98A1B3529F8B331002BE8AA /* FirebaseAuthCombine-Community */ = {
			isa = XCSwiftPackageProductDependency;
			package = A98A1B2629F8B331002BE8AA /* XCRemoteSwiftPackageReference "firebase-ios-sdk" */;
			productName = "FirebaseAuthCombine-Community";
		};
		A98A1B3729F8B331002BE8AA /* FirebaseCrashlytics */ = {
			isa = XCSwiftPackageProductDependency;
			package = A98A1B2629F8B331002BE8AA /* XCRemoteSwiftPackageReference "firebase-ios-sdk" */;
			productName = FirebaseCrashlytics;
		};
		A98A1B3929F8B331002BE8AA /* FirebaseDatabase */ = {
			isa = XCSwiftPackageProductDependency;
			package = A98A1B2629F8B331002BE8AA /* XCRemoteSwiftPackageReference "firebase-ios-sdk" */;
			productName = FirebaseDatabase;
		};
		A98A1B3B29F8B331002BE8AA /* FirebaseDatabaseSwift */ = {
			isa = XCSwiftPackageProductDependency;
			package = A98A1B2629F8B331002BE8AA /* XCRemoteSwiftPackageReference "firebase-ios-sdk" */;
			productName = FirebaseDatabaseSwift;
		};
		A98A1B3D29F8B331002BE8AA /* FirebaseDynamicLinks */ = {
			isa = XCSwiftPackageProductDependency;
			package = A98A1B2629F8B331002BE8AA /* XCRemoteSwiftPackageReference "firebase-ios-sdk" */;
			productName = FirebaseDynamicLinks;
		};
		A98A1B3F29F8B331002BE8AA /* FirebaseFirestore */ = {
			isa = XCSwiftPackageProductDependency;
			package = A98A1B2629F8B331002BE8AA /* XCRemoteSwiftPackageReference "firebase-ios-sdk" */;
			productName = FirebaseFirestore;
		};
		A98A1B4129F8B331002BE8AA /* FirebaseFirestoreCombine-Community */ = {
			isa = XCSwiftPackageProductDependency;
			package = A98A1B2629F8B331002BE8AA /* XCRemoteSwiftPackageReference "firebase-ios-sdk" */;
			productName = "FirebaseFirestoreCombine-Community";
		};
		A98A1B4329F8B331002BE8AA /* FirebaseFirestoreSwift */ = {
			isa = XCSwiftPackageProductDependency;
			package = A98A1B2629F8B331002BE8AA /* XCRemoteSwiftPackageReference "firebase-ios-sdk" */;
			productName = FirebaseFirestoreSwift;
		};
		A98A1B4529F8B331002BE8AA /* FirebaseFunctions */ = {
			isa = XCSwiftPackageProductDependency;
			package = A98A1B2629F8B331002BE8AA /* XCRemoteSwiftPackageReference "firebase-ios-sdk" */;
			productName = FirebaseFunctions;
		};
		A98A1B4729F8B331002BE8AA /* FirebaseFunctionsCombine-Community */ = {
			isa = XCSwiftPackageProductDependency;
			package = A98A1B2629F8B331002BE8AA /* XCRemoteSwiftPackageReference "firebase-ios-sdk" */;
			productName = "FirebaseFunctionsCombine-Community";
		};
		A98A1B4929F8B331002BE8AA /* FirebaseInAppMessaging-Beta */ = {
			isa = XCSwiftPackageProductDependency;
			package = A98A1B2629F8B331002BE8AA /* XCRemoteSwiftPackageReference "firebase-ios-sdk" */;
			productName = "FirebaseInAppMessaging-Beta";
		};
		A98A1B4B29F8B331002BE8AA /* FirebaseInAppMessagingSwift-Beta */ = {
			isa = XCSwiftPackageProductDependency;
			package = A98A1B2629F8B331002BE8AA /* XCRemoteSwiftPackageReference "firebase-ios-sdk" */;
			productName = "FirebaseInAppMessagingSwift-Beta";
		};
		A98A1B4D29F8B331002BE8AA /* FirebaseInstallations */ = {
			isa = XCSwiftPackageProductDependency;
			package = A98A1B2629F8B331002BE8AA /* XCRemoteSwiftPackageReference "firebase-ios-sdk" */;
			productName = FirebaseInstallations;
		};
		A98A1B4F29F8B331002BE8AA /* FirebaseMLModelDownloader */ = {
			isa = XCSwiftPackageProductDependency;
			package = A98A1B2629F8B331002BE8AA /* XCRemoteSwiftPackageReference "firebase-ios-sdk" */;
			productName = FirebaseMLModelDownloader;
		};
		A98A1B5129F8B331002BE8AA /* FirebaseMessaging */ = {
			isa = XCSwiftPackageProductDependency;
			package = A98A1B2629F8B331002BE8AA /* XCRemoteSwiftPackageReference "firebase-ios-sdk" */;
			productName = FirebaseMessaging;
		};
		A98A1B5329F8B331002BE8AA /* FirebasePerformance */ = {
			isa = XCSwiftPackageProductDependency;
			package = A98A1B2629F8B331002BE8AA /* XCRemoteSwiftPackageReference "firebase-ios-sdk" */;
			productName = FirebasePerformance;
		};
		A98A1B5529F8B331002BE8AA /* FirebaseRemoteConfig */ = {
			isa = XCSwiftPackageProductDependency;
			package = A98A1B2629F8B331002BE8AA /* XCRemoteSwiftPackageReference "firebase-ios-sdk" */;
			productName = FirebaseRemoteConfig;
		};
		A98A1B5729F8B331002BE8AA /* FirebaseRemoteConfigSwift */ = {
			isa = XCSwiftPackageProductDependency;
			package = A98A1B2629F8B331002BE8AA /* XCRemoteSwiftPackageReference "firebase-ios-sdk" */;
			productName = FirebaseRemoteConfigSwift;
		};
		A98A1B5929F8B331002BE8AA /* FirebaseStorage */ = {
			isa = XCSwiftPackageProductDependency;
			package = A98A1B2629F8B331002BE8AA /* XCRemoteSwiftPackageReference "firebase-ios-sdk" */;
			productName = FirebaseStorage;
		};
		A98A1B5B29F8B331002BE8AA /* FirebaseStorageCombine-Community */ = {
			isa = XCSwiftPackageProductDependency;
			package = A98A1B2629F8B331002BE8AA /* XCRemoteSwiftPackageReference "firebase-ios-sdk" */;
			productName = "FirebaseStorageCombine-Community";
		};
/* End XCSwiftPackageProductDependency section */
	};
	rootObject = A98A1AED29F8A42A002BE8AA /* Project object */;
}
